
Microsoft Visual Studio Solution File, Format Version 12.00
# Visual Studio 15
VisualStudioVersion = 15.0.28307.852
MinimumVisualStudioVersion = 10.0.40219.1
Project("{8BC9CEB8-8B4A-11D0-8D11-00A0C91BC942}") = "7DRL", "7DRL.vcxproj", "{E4BB26D1-0859-428D-A936-3FF211096EBD}"
EndProject
Global
	GlobalSection(SolutionConfigurationPlatforms) = preSolution
		Debug|x64 = Debug|x64
		Debug|x86 = Debug|x86
		Release|x64 = Release|x64
		Release|x86 = Release|x86
	EndGlobalSection
	GlobalSection(ProjectConfigurationPlatforms) = postSolution
		{E4BB26D1-0859-428D-A936-3FF211096EBD}.Debug|x64.ActiveCfg = Debug|x64
		{E4BB26D1-0859-428D-A936-3FF211096EBD}.Debug|x64.Build.0 = Debug|x64
		{E4BB26D1-0859-428D-A936-3FF211096EBD}.Debug|x86.ActiveCfg = Debug|Win32
		{E4BB26D1-0859-428D-A936-3FF211096EBD}.Debug|x86.Build.0 = Debug|Win32
		{E4BB26D1-0859-428D-A936-3FF211096EBD}.Release|x64.ActiveCfg = Release|x64
		{E4BB26D1-0859-428D-A936-3FF211096EBD}.Release|x64.Build.0 = Release|x64
		{E4BB26D1-0859-428D-A936-3FF211096EBD}.Release|x86.ActiveCfg = Release|Win32
		{E4BB26D1-0859-428D-A936-3FF211096EBD}.Release|x86.Build.0 = Release|Win32
	EndGlobalSection
	GlobalSection(SolutionProperties) = preSolution
		HideSolutionNode = FALSE
	EndGlobalSection
	GlobalSection(ExtensibilityGlobals) = postSolution
		SolutionGuid = {DCF16DB2-2072-4B0B-9C6A-4DAE9FCE2E5E}
	EndGlobalSection
EndGlobal
